
Microsoft Visual Studio Solution File, Format Version 12.00
# Visual Studio Version 17
VisualStudioVersion = 17.2.32616.157
MinimumVisualStudioVersion = 10.0.40219.1
Project("{9A19103F-16F7-4668-BE54-9A1E7A4F7556}") = "CapgeminiCard.API", "CapgeminiCard.API\CapgeminiCard.API.csproj", "{64F2F915-DD9C-4D26-869F-A623F70EB1BD}"
EndProject
Project("{FAE04EC0-301F-11D3-BF4B-00C04F79EFBC}") = "CapgeminiCard.Tests", "CapgeminiCard.Test\CapgeminiCard.Tests.csproj", "{CC358A60-5827-4725-B876-237A537A2E38}"
EndProject
Global
	GlobalSection(SolutionConfigurationPlatforms) = preSolution
		Debug|Any CPU = Debug|Any CPU
		Release|Any CPU = Release|Any CPU
	EndGlobalSection
	GlobalSection(ProjectConfigurationPlatforms) = postSolution
		{64F2F915-DD9C-4D26-869F-A623F70EB1BD}.Debug|Any CPU.ActiveCfg = Debug|Any CPU
		{64F2F915-DD9C-4D26-869F-A623F70EB1BD}.Debug|Any CPU.Build.0 = Debug|Any CPU
		{64F2F915-DD9C-4D26-869F-A623F70EB1BD}.Release|Any CPU.ActiveCfg = Release|Any CPU
		{64F2F915-DD9C-4D26-869F-A623F70EB1BD}.Release|Any CPU.Build.0 = Release|Any CPU
		{CC358A60-5827-4725-B876-237A537A2E38}.Debug|Any CPU.ActiveCfg = Debug|Any CPU
		{CC358A60-5827-4725-B876-237A537A2E38}.Debug|Any CPU.Build.0 = Debug|Any CPU
		{CC358A60-5827-4725-B876-237A537A2E38}.Release|Any CPU.ActiveCfg = Release|Any CPU
		{CC358A60-5827-4725-B876-237A537A2E38}.Release|Any CPU.Build.0 = Release|Any CPU
	EndGlobalSection
	GlobalSection(SolutionProperties) = preSolution
		HideSolutionNode = FALSE
	EndGlobalSection
	GlobalSection(ExtensibilityGlobals) = postSolution
		SolutionGuid = {6C05FB53-A65B-48B1-AD37-E2A73D4598A4}
	EndGlobalSection
EndGlobal
